
Microsoft Visual Studio Solution File, Format Version 12.00
# Visual Studio Version 17
VisualStudioVersion = 17.2.32616.157
MinimumVisualStudioVersion = 10.0.40219.1
Project("{FAE04EC0-301F-11D3-BF4B-00C04F79EFBC}") = "T04 - Ejercicios", "T04 - Ejercicios.csproj", "{2E492859-0FE8-483A-B84A-B2EC8C953032}"
EndProject
Global
	GlobalSection(SolutionConfigurationPlatforms) = preSolution
		Debug|Any CPU = Debug|Any CPU
		Release|Any CPU = Release|Any CPU
	EndGlobalSection
	GlobalSection(ProjectConfigurationPlatforms) = postSolution
		{2E492859-0FE8-483A-B84A-B2EC8C953032}.Debug|Any CPU.ActiveCfg = Debug|Any CPU
		{2E492859-0FE8-483A-B84A-B2EC8C953032}.Debug|Any CPU.Build.0 = Debug|Any CPU
		{2E492859-0FE8-483A-B84A-B2EC8C953032}.Release|Any CPU.ActiveCfg = Release|Any CPU
		{2E492859-0FE8-483A-B84A-B2EC8C953032}.Release|Any CPU.Build.0 = Release|Any CPU
	EndGlobalSection
	GlobalSection(SolutionProperties) = preSolution
		HideSolutionNode = FALSE
	EndGlobalSection
	GlobalSection(ExtensibilityGlobals) = postSolution
		SolutionGuid = {6B00924D-1921-407B-92A3-6766D60CD429}
	EndGlobalSection
EndGlobal
